// !$*UTF8*$!
{
	archiveVersion = 1;
	classes = {
	};
	objectVersion = 46;
	objects = {

/* Begin PBXBuildFile section */
		6D1422611D83915900219D1F /* AppDelegate.swift in Sources */ = {isa = PBXBuildFile; fileRef = 6D1422601D83915900219D1F /* AppDelegate.swift */; };
		6D1422631D83915900219D1F /* BeginTestViewController.swift in Sources */ = {isa = PBXBuildFile; fileRef = 6D1422621D83915900219D1F /* BeginTestViewController.swift */; };
		6D1422661D83915900219D1F /* Main.storyboard in Resources */ = {isa = PBXBuildFile; fileRef = 6D1422641D83915900219D1F /* Main.storyboard */; };
		6D1422681D83915900219D1F /* Assets.xcassets in Resources */ = {isa = PBXBuildFile; fileRef = 6D1422671D83915900219D1F /* Assets.xcassets */; };
		6D14226B1D83915900219D1F /* LaunchScreen.storyboard in Resources */ = {isa = PBXBuildFile; fileRef = 6D1422691D83915900219D1F /* LaunchScreen.storyboard */; };
		6D1422761D83915900219D1F /* cheesuschristTests.swift in Sources */ = {isa = PBXBuildFile; fileRef = 6D1422751D83915900219D1F /* cheesuschristTests.swift */; };
		6D15DE911D853D2800A80F8A /* Loading.gif in Resources */ = {isa = PBXBuildFile; fileRef = 6D15DE901D853D2800A80F8A /* Loading.gif */; };
		6D15DE931D853FE100A80F8A /* UIImage+gif.swift in Sources */ = {isa = PBXBuildFile; fileRef = 6D15DE921D853FE000A80F8A /* UIImage+gif.swift */; };
		6D15DE951D85481400A80F8A /* logo.png in Resources */ = {isa = PBXBuildFile; fileRef = 6D15DE941D85481400A80F8A /* logo.png */; };
		6D15DE971D854E9B00A80F8A /* LandoltTestViewController.swift in Sources */ = {isa = PBXBuildFile; fileRef = 6D15DE961D854E9B00A80F8A /* LandoltTestViewController.swift */; };
		6D15DE991D8551AE00A80F8A /* EyeCoverInstructionsViewController.swift in Sources */ = {isa = PBXBuildFile; fileRef = 6D15DE981D8551AE00A80F8A /* EyeCoverInstructionsViewController.swift */; };
		6D15DE9B1D85526D00A80F8A /* RotateRight.gif in Resources */ = {isa = PBXBuildFile; fileRef = 6D15DE9A1D85526D00A80F8A /* RotateRight.gif */; };
		6D4992EB1D845464009E2A4A /* QuestionaireViewController.swift in Sources */ = {isa = PBXBuildFile; fileRef = 6D4992EA1D845464009E2A4A /* QuestionaireViewController.swift */; };
		6D4992ED1D84549C009E2A4A /* InstructionViewController.swift in Sources */ = {isa = PBXBuildFile; fileRef = 6D4992EC1D84549C009E2A4A /* InstructionViewController.swift */; };
		6D4992EF1D8492B4009E2A4A /* PrescriptionViewController.swift in Sources */ = {isa = PBXBuildFile; fileRef = 6D4992EE1D8492B4009E2A4A /* PrescriptionViewController.swift */; };
		6D49930B1D85082B009E2A4A /* Landolt_20-S.png in Resources */ = {isa = PBXBuildFile; fileRef = 6D4992FB1D85082B009E2A4A /* Landolt_20-S.png */; };
		6D49930C1D85082B009E2A4A /* Landolt_25-S.png in Resources */ = {isa = PBXBuildFile; fileRef = 6D4992FC1D85082B009E2A4A /* Landolt_25-S.png */; };
		6D49930D1D85082B009E2A4A /* Landolt_30-S.png in Resources */ = {isa = PBXBuildFile; fileRef = 6D4992FD1D85082B009E2A4A /* Landolt_30-S.png */; };
		6D49930E1D85082B009E2A4A /* Landolt_40-S.png in Resources */ = {isa = PBXBuildFile; fileRef = 6D4992FE1D85082B009E2A4A /* Landolt_40-S.png */; };
		6D49930F1D85082B009E2A4A /* Landolt_50-S.png in Resources */ = {isa = PBXBuildFile; fileRef = 6D4992FF1D85082B009E2A4A /* Landolt_50-S.png */; };
		6D4993101D85082B009E2A4A /* Landolt_60-S.png in Resources */ = {isa = PBXBuildFile; fileRef = 6D4993001D85082B009E2A4A /* Landolt_60-S.png */; };
		6D4993111D85082B009E2A4A /* Landolt_70-S.png in Resources */ = {isa = PBXBuildFile; fileRef = 6D4993011D85082B009E2A4A /* Landolt_70-S.png */; };
		6D4993121D85082B009E2A4A /* Landolt_80-S.png in Resources */ = {isa = PBXBuildFile; fileRef = 6D4993021D85082B009E2A4A /* Landolt_80-S.png */; };
		6D4993131D85082B009E2A4A /* Landolt_90-S.png in Resources */ = {isa = PBXBuildFile; fileRef = 6D4993031D85082B009E2A4A /* Landolt_90-S.png */; };
		6D4993141D85082B009E2A4A /* Landolt_100-S.png in Resources */ = {isa = PBXBuildFile; fileRef = 6D4993041D85082B009E2A4A /* Landolt_100-S.png */; };
		6D4993151D85082B009E2A4A /* Landolt_120-S.png in Resources */ = {isa = PBXBuildFile; fileRef = 6D4993051D85082B009E2A4A /* Landolt_120-S.png */; };
		6D4993161D85082B009E2A4A /* Landolt_140-S.png in Resources */ = {isa = PBXBuildFile; fileRef = 6D4993061D85082B009E2A4A /* Landolt_140-S.png */; };
		6D4993171D85082B009E2A4A /* Landolt_180-S.png in Resources */ = {isa = PBXBuildFile; fileRef = 6D4993071D85082B009E2A4A /* Landolt_180-S.png */; };
		6D4993181D85082B009E2A4A /* Landolt_200-S.png in Resources */ = {isa = PBXBuildFile; fileRef = 6D4993081D85082B009E2A4A /* Landolt_200-S.png */; };
		6D4993191D85082B009E2A4A /* Landolt_240-S.png in Resources */ = {isa = PBXBuildFile; fileRef = 6D4993091D85082B009E2A4A /* Landolt_240-S.png */; };
		6D49931A1D85082B009E2A4A /* Landolt_300-S.png in Resources */ = {isa = PBXBuildFile; fileRef = 6D49930A1D85082B009E2A4A /* Landolt_300-S.png */; };
		6D4993201D8513B7009E2A4A /* box-drawing.png in Resources */ = {isa = PBXBuildFile; fileRef = 6D49931E1D8513B7009E2A4A /* box-drawing.png */; };
		6D4993211D8513B7009E2A4A /* put-in-dat-phone.png in Resources */ = {isa = PBXBuildFile; fileRef = 6D49931F1D8513B7009E2A4A /* put-in-dat-phone.png */; };
/* End PBXBuildFile section */

/* Begin PBXContainerItemProxy section */
		6D1422721D83915900219D1F /* PBXContainerItemProxy */ = {
			isa = PBXContainerItemProxy;
			containerPortal = 6D1422551D83915900219D1F /* Project object */;
			proxyType = 1;
			remoteGlobalIDString = 6D14225C1D83915900219D1F;
			remoteInfo = cheesuschrist;
		};
/* End PBXContainerItemProxy section */

/* Begin PBXFileReference section */
		6D14225D1D83915900219D1F /* cheesuschrist.app */ = {isa = PBXFileReference; explicitFileType = wrapper.application; includeInIndex = 0; path = cheesuschrist.app; sourceTree = BUILT_PRODUCTS_DIR; };
		6D1422601D83915900219D1F /* AppDelegate.swift */ = {isa = PBXFileReference; lastKnownFileType = sourcecode.swift; path = AppDelegate.swift; sourceTree = "<group>"; };
		6D1422621D83915900219D1F /* BeginTestViewController.swift */ = {isa = PBXFileReference; lastKnownFileType = sourcecode.swift; path = BeginTestViewController.swift; sourceTree = "<group>"; };
		6D1422651D83915900219D1F /* Base */ = {isa = PBXFileReference; lastKnownFileType = file.storyboard; name = Base; path = Base.lproj/Main.storyboard; sourceTree = "<group>"; };
		6D1422671D83915900219D1F /* Assets.xcassets */ = {isa = PBXFileReference; lastKnownFileType = folder.assetcatalog; path = Assets.xcassets; sourceTree = "<group>"; };
		6D14226A1D83915900219D1F /* Base */ = {isa = PBXFileReference; lastKnownFileType = file.storyboard; name = Base; path = Base.lproj/LaunchScreen.storyboard; sourceTree = "<group>"; };
		6D14226C1D83915900219D1F /* Info.plist */ = {isa = PBXFileReference; lastKnownFileType = text.plist.xml; path = Info.plist; sourceTree = "<group>"; };
		6D1422711D83915900219D1F /* cheesuschristTests.xctest */ = {isa = PBXFileReference; explicitFileType = wrapper.cfbundle; includeInIndex = 0; path = cheesuschristTests.xctest; sourceTree = BUILT_PRODUCTS_DIR; };
		6D1422751D83915900219D1F /* cheesuschristTests.swift */ = {isa = PBXFileReference; lastKnownFileType = sourcecode.swift; path = cheesuschristTests.swift; sourceTree = "<group>"; };
		6D1422771D83915900219D1F /* Info.plist */ = {isa = PBXFileReference; lastKnownFileType = text.plist.xml; path = Info.plist; sourceTree = "<group>"; };
		6D15DE901D853D2800A80F8A /* Loading.gif */ = {isa = PBXFileReference; lastKnownFileType = image.gif; path = Loading.gif; sourceTree = "<group>"; };
		6D15DE921D853FE000A80F8A /* UIImage+gif.swift */ = {isa = PBXFileReference; fileEncoding = 4; lastKnownFileType = sourcecode.swift; path = "UIImage+gif.swift"; sourceTree = "<group>"; };
		6D15DE941D85481400A80F8A /* logo.png */ = {isa = PBXFileReference; lastKnownFileType = image.png; path = logo.png; sourceTree = "<group>"; };
		6D15DE961D854E9B00A80F8A /* LandoltTestViewController.swift */ = {isa = PBXFileReference; fileEncoding = 4; lastKnownFileType = sourcecode.swift; path = LandoltTestViewController.swift; sourceTree = "<group>"; };
		6D15DE981D8551AE00A80F8A /* EyeCoverInstructionsViewController.swift */ = {isa = PBXFileReference; fileEncoding = 4; lastKnownFileType = sourcecode.swift; path = EyeCoverInstructionsViewController.swift; sourceTree = "<group>"; };
		6D15DE9A1D85526D00A80F8A /* RotateRight.gif */ = {isa = PBXFileReference; lastKnownFileType = image.gif; path = RotateRight.gif; sourceTree = "<group>"; };
		6D4992EA1D845464009E2A4A /* QuestionaireViewController.swift */ = {isa = PBXFileReference; fileEncoding = 4; lastKnownFileType = sourcecode.swift; path = QuestionaireViewController.swift; sourceTree = "<group>"; };
		6D4992EC1D84549C009E2A4A /* InstructionViewController.swift */ = {isa = PBXFileReference; fileEncoding = 4; lastKnownFileType = sourcecode.swift; path = InstructionViewController.swift; sourceTree = "<group>"; };
		6D4992EE1D8492B4009E2A4A /* PrescriptionViewController.swift */ = {isa = PBXFileReference; fileEncoding = 4; lastKnownFileType = sourcecode.swift; path = PrescriptionViewController.swift; sourceTree = "<group>"; };
		6D4992FB1D85082B009E2A4A /* Landolt_20-S.png */ = {isa = PBXFileReference; lastKnownFileType = image.png; path = "Landolt_20-S.png"; sourceTree = "<group>"; };
		6D4992FC1D85082B009E2A4A /* Landolt_25-S.png */ = {isa = PBXFileReference; lastKnownFileType = image.png; path = "Landolt_25-S.png"; sourceTree = "<group>"; };
		6D4992FD1D85082B009E2A4A /* Landolt_30-S.png */ = {isa = PBXFileReference; lastKnownFileType = image.png; path = "Landolt_30-S.png"; sourceTree = "<group>"; };
		6D4992FE1D85082B009E2A4A /* Landolt_40-S.png */ = {isa = PBXFileReference; lastKnownFileType = image.png; path = "Landolt_40-S.png"; sourceTree = "<group>"; };
		6D4992FF1D85082B009E2A4A /* Landolt_50-S.png */ = {isa = PBXFileReference; lastKnownFileType = image.png; path = "Landolt_50-S.png"; sourceTree = "<group>"; };
		6D4993001D85082B009E2A4A /* Landolt_60-S.png */ = {isa = PBXFileReference; lastKnownFileType = image.png; path = "Landolt_60-S.png"; sourceTree = "<group>"; };
		6D4993011D85082B009E2A4A /* Landolt_70-S.png */ = {isa = PBXFileReference; lastKnownFileType = image.png; path = "Landolt_70-S.png"; sourceTree = "<group>"; };
		6D4993021D85082B009E2A4A /* Landolt_80-S.png */ = {isa = PBXFileReference; lastKnownFileType = image.png; path = "Landolt_80-S.png"; sourceTree = "<group>"; };
		6D4993031D85082B009E2A4A /* Landolt_90-S.png */ = {isa = PBXFileReference; lastKnownFileType = image.png; path = "Landolt_90-S.png"; sourceTree = "<group>"; };
		6D4993041D85082B009E2A4A /* Landolt_100-S.png */ = {isa = PBXFileReference; lastKnownFileType = image.png; path = "Landolt_100-S.png"; sourceTree = "<group>"; };
		6D4993051D85082B009E2A4A /* Landolt_120-S.png */ = {isa = PBXFileReference; lastKnownFileType = image.png; path = "Landolt_120-S.png"; sourceTree = "<group>"; };
		6D4993061D85082B009E2A4A /* Landolt_140-S.png */ = {isa = PBXFileReference; lastKnownFileType = image.png; path = "Landolt_140-S.png"; sourceTree = "<group>"; };
		6D4993071D85082B009E2A4A /* Landolt_180-S.png */ = {isa = PBXFileReference; lastKnownFileType = image.png; path = "Landolt_180-S.png"; sourceTree = "<group>"; };
		6D4993081D85082B009E2A4A /* Landolt_200-S.png */ = {isa = PBXFileReference; lastKnownFileType = image.png; path = "Landolt_200-S.png"; sourceTree = "<group>"; };
		6D4993091D85082B009E2A4A /* Landolt_240-S.png */ = {isa = PBXFileReference; lastKnownFileType = image.png; path = "Landolt_240-S.png"; sourceTree = "<group>"; };
		6D49930A1D85082B009E2A4A /* Landolt_300-S.png */ = {isa = PBXFileReference; lastKnownFileType = image.png; path = "Landolt_300-S.png"; sourceTree = "<group>"; };
		6D49931E1D8513B7009E2A4A /* box-drawing.png */ = {isa = PBXFileReference; lastKnownFileType = image.png; path = "box-drawing.png"; sourceTree = "<group>"; };
		6D49931F1D8513B7009E2A4A /* put-in-dat-phone.png */ = {isa = PBXFileReference; lastKnownFileType = image.png; path = "put-in-dat-phone.png"; sourceTree = "<group>"; };
/* End PBXFileReference section */

/* Begin PBXFrameworksBuildPhase section */
		6D14225A1D83915900219D1F /* Frameworks */ = {
			isa = PBXFrameworksBuildPhase;
			buildActionMask = 2147483647;
			files = (
			);
			runOnlyForDeploymentPostprocessing = 0;
		};
		6D14226E1D83915900219D1F /* Frameworks */ = {
			isa = PBXFrameworksBuildPhase;
			buildActionMask = 2147483647;
			files = (
			);
			runOnlyForDeploymentPostprocessing = 0;
		};
/* End PBXFrameworksBuildPhase section */

/* Begin PBXGroup section */
		6D1422541D83915900219D1F = {
			isa = PBXGroup;
			children = (
				6D14225F1D83915900219D1F /* cheesuschrist */,
				6D1422741D83915900219D1F /* cheesuschristTests */,
				6D14225E1D83915900219D1F /* Products */,
				9BBD5790490AF8C6686F1898 /* Frameworks */,
			);
			sourceTree = "<group>";
		};
		6D14225E1D83915900219D1F /* Products */ = {
			isa = PBXGroup;
			children = (
				6D14225D1D83915900219D1F /* cheesuschrist.app */,
				6D1422711D83915900219D1F /* cheesuschristTests.xctest */,
			);
			name = Products;
			sourceTree = "<group>";
		};
		6D14225F1D83915900219D1F /* cheesuschrist */ = {
			isa = PBXGroup;
			children = (
				6D1422641D83915900219D1F /* Main.storyboard */,
				6D1422671D83915900219D1F /* Assets.xcassets */,
				6D1422691D83915900219D1F /* LaunchScreen.storyboard */,
				6D14226C1D83915900219D1F /* Info.plist */,
				6D1422601D83915900219D1F /* AppDelegate.swift */,
				6D1422621D83915900219D1F /* BeginTestViewController.swift */,
				6D4992EA1D845464009E2A4A /* QuestionaireViewController.swift */,
				6D4992EC1D84549C009E2A4A /* InstructionViewController.swift */,
				6D4992EE1D8492B4009E2A4A /* PrescriptionViewController.swift */,
				6D15DE961D854E9B00A80F8A /* LandoltTestViewController.swift */,
				6D15DE981D8551AE00A80F8A /* EyeCoverInstructionsViewController.swift */,
				6D15DE921D853FE000A80F8A /* UIImage+gif.swift */,
				6D49931B1D85082F009E2A4A /* Pictures */,
			);
			path = cheesuschrist;
			sourceTree = "<group>";
		};
		6D1422741D83915900219D1F /* cheesuschristTests */ = {
			isa = PBXGroup;
			children = (
				6D1422751D83915900219D1F /* cheesuschristTests.swift */,
				6D1422771D83915900219D1F /* Info.plist */,
			);
			path = cheesuschristTests;
			sourceTree = "<group>";
		};
		6D49931B1D85082F009E2A4A /* Pictures */ = {
			isa = PBXGroup;
			children = (
				6D15DE9A1D85526D00A80F8A /* RotateRight.gif */,
				6D15DE941D85481400A80F8A /* logo.png */,
				6D15DE901D853D2800A80F8A /* Loading.gif */,
				6D49931E1D8513B7009E2A4A /* box-drawing.png */,
				6D49931F1D8513B7009E2A4A /* put-in-dat-phone.png */,
				6D4992FB1D85082B009E2A4A /* Landolt_20-S.png */,
				6D4992FC1D85082B009E2A4A /* Landolt_25-S.png */,
				6D4992FD1D85082B009E2A4A /* Landolt_30-S.png */,
				6D4992FE1D85082B009E2A4A /* Landolt_40-S.png */,
				6D4992FF1D85082B009E2A4A /* Landolt_50-S.png */,
				6D4993001D85082B009E2A4A /* Landolt_60-S.png */,
				6D4993011D85082B009E2A4A /* Landolt_70-S.png */,
				6D4993021D85082B009E2A4A /* Landolt_80-S.png */,
				6D4993031D85082B009E2A4A /* Landolt_90-S.png */,
				6D4993041D85082B009E2A4A /* Landolt_100-S.png */,
				6D4993051D85082B009E2A4A /* Landolt_120-S.png */,
				6D4993061D85082B009E2A4A /* Landolt_140-S.png */,
				6D4993071D85082B009E2A4A /* Landolt_180-S.png */,
				6D4993081D85082B009E2A4A /* Landolt_200-S.png */,
				6D4993091D85082B009E2A4A /* Landolt_240-S.png */,
				6D49930A1D85082B009E2A4A /* Landolt_300-S.png */,
			);
			name = Pictures;
			sourceTree = "<group>";
		};
		9BBD5790490AF8C6686F1898 /* Frameworks */ = {
			isa = PBXGroup;
			children = (
			);
			name = Frameworks;
			sourceTree = "<group>";
		};
/* End PBXGroup section */

/* Begin PBXNativeTarget section */
		6D14225C1D83915900219D1F /* cheesuschrist */ = {
			isa = PBXNativeTarget;
			buildConfigurationList = 6D14227A1D83915900219D1F /* Build configuration list for PBXNativeTarget "cheesuschrist" */;
			buildPhases = (
				6D1422591D83915900219D1F /* Sources */,
				6D14225A1D83915900219D1F /* Frameworks */,
				6D14225B1D83915900219D1F /* Resources */,
			);
			buildRules = (
			);
			dependencies = (
			);
			name = cheesuschrist;
			productName = cheesuschrist;
			productReference = 6D14225D1D83915900219D1F /* cheesuschrist.app */;
			productType = "com.apple.product-type.application";
		};
		6D1422701D83915900219D1F /* cheesuschristTests */ = {
			isa = PBXNativeTarget;
			buildConfigurationList = 6D14227D1D83915900219D1F /* Build configuration list for PBXNativeTarget "cheesuschristTests" */;
			buildPhases = (
				6D14226D1D83915900219D1F /* Sources */,
				6D14226E1D83915900219D1F /* Frameworks */,
				6D14226F1D83915900219D1F /* Resources */,
			);
			buildRules = (
			);
			dependencies = (
				6D1422731D83915900219D1F /* PBXTargetDependency */,
			);
			name = cheesuschristTests;
			productName = cheesuschristTests;
			productReference = 6D1422711D83915900219D1F /* cheesuschristTests.xctest */;
			productType = "com.apple.product-type.bundle.unit-test";
		};
/* End PBXNativeTarget section */

/* Begin PBXProject section */
		6D1422551D83915900219D1F /* Project object */ = {
			isa = PBXProject;
			attributes = {
				LastSwiftUpdateCheck = 0730;
				LastUpgradeCheck = 0730;
				ORGANIZATIONNAME = "Marisa Gomez";
				TargetAttributes = {
					6D14225C1D83915900219D1F = {
						CreatedOnToolsVersion = 7.3.1;
						DevelopmentTeam = 2K89K4HSF6;
					};
					6D1422701D83915900219D1F = {
						CreatedOnToolsVersion = 7.3.1;
						TestTargetID = 6D14225C1D83915900219D1F;
					};
				};
			};
			buildConfigurationList = 6D1422581D83915900219D1F /* Build configuration list for PBXProject "cheesuschrist" */;
			compatibilityVersion = "Xcode 3.2";
			developmentRegion = English;
			hasScannedForEncodings = 0;
			knownRegions = (
				en,
				Base,
			);
			mainGroup = 6D1422541D83915900219D1F;
			productRefGroup = 6D14225E1D83915900219D1F /* Products */;
			projectDirPath = "";
			projectRoot = "";
			targets = (
				6D14225C1D83915900219D1F /* cheesuschrist */,
				6D1422701D83915900219D1F /* cheesuschristTests */,
			);
		};
/* End PBXProject section */

/* Begin PBXResourcesBuildPhase section */
		6D14225B1D83915900219D1F /* Resources */ = {
			isa = PBXResourcesBuildPhase;
			buildActionMask = 2147483647;
			files = (
				6D15DE9B1D85526D00A80F8A /* RotateRight.gif in Resources */,
				6D4993211D8513B7009E2A4A /* put-in-dat-phone.png in Resources */,
				6D15DE951D85481400A80F8A /* logo.png in Resources */,
				6D14226B1D83915900219D1F /* LaunchScreen.storyboard in Resources */,
				6D4993111D85082B009E2A4A /* Landolt_70-S.png in Resources */,
				6D15DE911D853D2800A80F8A /* Loading.gif in Resources */,
				6D4993181D85082B009E2A4A /* Landolt_200-S.png in Resources */,
				6D4993161D85082B009E2A4A /* Landolt_140-S.png in Resources */,
				6D49931A1D85082B009E2A4A /* Landolt_300-S.png in Resources */,
				6D49930E1D85082B009E2A4A /* Landolt_40-S.png in Resources */,
				6D4993121D85082B009E2A4A /* Landolt_80-S.png in Resources */,
				6D4993151D85082B009E2A4A /* Landolt_120-S.png in Resources */,
				6D4993201D8513B7009E2A4A /* box-drawing.png in Resources */,
				6D49930C1D85082B009E2A4A /* Landolt_25-S.png in Resources */,
				6D4993131D85082B009E2A4A /* Landolt_90-S.png in Resources */,
				6D1422681D83915900219D1F /* Assets.xcassets in Resources */,
				6D4993141D85082B009E2A4A /* Landolt_100-S.png in Resources */,
				6D4993171D85082B009E2A4A /* Landolt_180-S.png in Resources */,
				6D49930B1D85082B009E2A4A /* Landolt_20-S.png in Resources */,
				6D4993191D85082B009E2A4A /* Landolt_240-S.png in Resources */,
				6D4993101D85082B009E2A4A /* Landolt_60-S.png in Resources */,
				6D49930F1D85082B009E2A4A /* Landolt_50-S.png in Resources */,
				6D1422661D83915900219D1F /* Main.storyboard in Resources */,
				6D49930D1D85082B009E2A4A /* Landolt_30-S.png in Resources */,
			);
			runOnlyForDeploymentPostprocessing = 0;
		};
		6D14226F1D83915900219D1F /* Resources */ = {
			isa = PBXResourcesBuildPhase;
			buildActionMask = 2147483647;
			files = (
			);
			runOnlyForDeploymentPostprocessing = 0;
		};
/* End PBXResourcesBuildPhase section */

/* Begin PBXSourcesBuildPhase section */
		6D1422591D83915900219D1F /* Sources */ = {
			isa = PBXSourcesBuildPhase;
			buildActionMask = 2147483647;
			files = (
				6D15DE971D854E9B00A80F8A /* LandoltTestViewController.swift in Sources */,
				6D15DE991D8551AE00A80F8A /* EyeCoverInstructionsViewController.swift in Sources */,
				6D15DE931D853FE100A80F8A /* UIImage+gif.swift in Sources */,
				6D4992ED1D84549C009E2A4A /* InstructionViewController.swift in Sources */,
				6D4992EB1D845464009E2A4A /* QuestionaireViewController.swift in Sources */,
				6D1422631D83915900219D1F /* BeginTestViewController.swift in Sources */,
				6D1422611D83915900219D1F /* AppDelegate.swift in Sources */,
				6D4992EF1D8492B4009E2A4A /* PrescriptionViewController.swift in Sources */,
			);
			runOnlyForDeploymentPostprocessing = 0;
		};
		6D14226D1D83915900219D1F /* Sources */ = {
			isa = PBXSourcesBuildPhase;
			buildActionMask = 2147483647;
			files = (
				6D1422761D83915900219D1F /* cheesuschristTests.swift in Sources */,
			);
			runOnlyForDeploymentPostprocessing = 0;
		};
/* End PBXSourcesBuildPhase section */

/* Begin PBXTargetDependency section */
		6D1422731D83915900219D1F /* PBXTargetDependency */ = {
			isa = PBXTargetDependency;
			target = 6D14225C1D83915900219D1F /* cheesuschrist */;
			targetProxy = 6D1422721D83915900219D1F /* PBXContainerItemProxy */;
		};
/* End PBXTargetDependency section */

/* Begin PBXVariantGroup section */
		6D1422641D83915900219D1F /* Main.storyboard */ = {
			isa = PBXVariantGroup;
			children = (
				6D1422651D83915900219D1F /* Base */,
			);
			name = Main.storyboard;
			sourceTree = "<group>";
		};
		6D1422691D83915900219D1F /* LaunchScreen.storyboard */ = {
			isa = PBXVariantGroup;
			children = (
				6D14226A1D83915900219D1F /* Base */,
			);
			name = LaunchScreen.storyboard;
			sourceTree = "<group>";
		};
/* End PBXVariantGroup section */

/* Begin XCBuildConfiguration section */
		6D1422781D83915900219D1F /* Debug */ = {
			isa = XCBuildConfiguration;
			buildSettings = {
				ALWAYS_SEARCH_USER_PATHS = NO;
				CLANG_ANALYZER_NONNULL = YES;
				CLANG_CXX_LANGUAGE_STANDARD = "gnu++0x";
				CLANG_CXX_LIBRARY = "libc++";
				CLANG_ENABLE_MODULES = YES;
				CLANG_ENABLE_OBJC_ARC = YES;
				CLANG_WARN_BOOL_CONVERSION = YES;
				CLANG_WARN_CONSTANT_CONVERSION = YES;
				CLANG_WARN_DIRECT_OBJC_ISA_USAGE = YES_ERROR;
				CLANG_WARN_EMPTY_BODY = YES;
				CLANG_WARN_ENUM_CONVERSION = YES;
				CLANG_WARN_INT_CONVERSION = YES;
				CLANG_WARN_OBJC_ROOT_CLASS = YES_ERROR;
				CLANG_WARN_UNREACHABLE_CODE = YES;
				CLANG_WARN__DUPLICATE_METHOD_MATCH = YES;
				"CODE_SIGN_IDENTITY[sdk=iphoneos*]" = "iPhone Developer";
				COPY_PHASE_STRIP = NO;
				DEBUG_INFORMATION_FORMAT = dwarf;
				ENABLE_STRICT_OBJC_MSGSEND = YES;
				ENABLE_TESTABILITY = YES;
				GCC_C_LANGUAGE_STANDARD = gnu99;
				GCC_DYNAMIC_NO_PIC = NO;
				GCC_NO_COMMON_BLOCKS = YES;
				GCC_OPTIMIZATION_LEVEL = 0;
				GCC_PREPROCESSOR_DEFINITIONS = (
					"DEBUG=1",
					"$(inherited)",
				);
				GCC_WARN_64_TO_32_BIT_CONVERSION = YES;
				GCC_WARN_ABOUT_RETURN_TYPE = YES_ERROR;
				GCC_WARN_UNDECLARED_SELECTOR = YES;
				GCC_WARN_UNINITIALIZED_AUTOS = YES_AGGRESSIVE;
				GCC_WARN_UNUSED_FUNCTION = YES;
				GCC_WARN_UNUSED_VARIABLE = YES;
				IPHONEOS_DEPLOYMENT_TARGET = 9.3;
				MTL_ENABLE_DEBUG_INFO = YES;
				ONLY_ACTIVE_ARCH = YES;
				SDKROOT = iphoneos;
				SWIFT_OPTIMIZATION_LEVEL = "-Onone";
				TARGETED_DEVICE_FAMILY = "1,2";
			};
			name = Debug;
		};
		6D1422791D83915900219D1F /* Release */ = {
			isa = XCBuildConfiguration;
			buildSettings = {
				ALWAYS_SEARCH_USER_PATHS = NO;
				CLANG_ANALYZER_NONNULL = YES;
				CLANG_CXX_LANGUAGE_STANDARD = "gnu++0x";
				CLANG_CXX_LIBRARY = "libc++";
				CLANG_ENABLE_MODULES = YES;
				CLANG_ENABLE_OBJC_ARC = YES;
				CLANG_WARN_BOOL_CONVERSION = YES;
				CLANG_WARN_CONSTANT_CONVERSION = YES;
				CLANG_WARN_DIRECT_OBJC_ISA_USAGE = YES_ERROR;
				CLANG_WARN_EMPTY_BODY = YES;
				CLANG_WARN_ENUM_CONVERSION = YES;
				CLANG_WARN_INT_CONVERSION = YES;
				CLANG_WARN_OBJC_ROOT_CLASS = YES_ERROR;
				CLANG_WARN_UNREACHABLE_CODE = YES;
				CLANG_WARN__DUPLICATE_METHOD_MATCH = YES;
				"CODE_SIGN_IDENTITY[sdk=iphoneos*]" = "iPhone Developer";
				COPY_PHASE_STRIP = NO;
				DEBUG_INFORMATION_FORMAT = "dwarf-with-dsym";
				ENABLE_NS_ASSERTIONS = NO;
				ENABLE_STRICT_OBJC_MSGSEND = YES;
				GCC_C_LANGUAGE_STANDARD = gnu99;
				GCC_NO_COMMON_BLOCKS = YES;
				GCC_WARN_64_TO_32_BIT_CONVERSION = YES;
				GCC_WARN_ABOUT_RETURN_TYPE = YES_ERROR;
				GCC_WARN_UNDECLARED_SELECTOR = YES;
				GCC_WARN_UNINITIALIZED_AUTOS = YES_AGGRESSIVE;
				GCC_WARN_UNUSED_FUNCTION = YES;
				GCC_WARN_UNUSED_VARIABLE = YES;
				IPHONEOS_DEPLOYMENT_TARGET = 9.3;
				MTL_ENABLE_DEBUG_INFO = NO;
				SDKROOT = iphoneos;
				TARGETED_DEVICE_FAMILY = "1,2";
				VALIDATE_PRODUCT = YES;
			};
			name = Release;
		};
		6D14227B1D83915900219D1F /* Debug */ = {
			isa = XCBuildConfiguration;
			buildSettings = {
				ASSETCATALOG_COMPILER_APPICON_NAME = AppIcon;
				CLANG_ENABLE_MODULES = YES;
				CODE_SIGN_IDENTITY = "iPhone Developer";
				"CODE_SIGN_IDENTITY[sdk=iphoneos*]" = "iPhone Developer";
				INFOPLIST_FILE = cheesuschrist/Info.plist;
				LD_RUNPATH_SEARCH_PATHS = "$(inherited) @executable_path/Frameworks";
				PRODUCT_BUNDLE_IDENTIFIER = com.hackathon.cheesuschrist;
				PRODUCT_NAME = "$(TARGET_NAME)";
				PROVISIONING_PROFILE = "";
				SWIFT_OBJC_BRIDGING_HEADER = "";
				SWIFT_OPTIMIZATION_LEVEL = "-Onone";
			};
			name = Debug;
		};
		6D14227C1D83915900219D1F /* Release */ = {
			isa = XCBuildConfiguration;
			buildSettings = {
				ASSETCATALOG_COMPILER_APPICON_NAME = AppIcon;
				CLANG_ENABLE_MODULES = YES;
				CODE_SIGN_IDENTITY = "iPhone Developer";
				"CODE_SIGN_IDENTITY[sdk=iphoneos*]" = "iPhone Developer";
				INFOPLIST_FILE = cheesuschrist/Info.plist;
				LD_RUNPATH_SEARCH_PATHS = "$(inherited) @executable_path/Frameworks";
				PRODUCT_BUNDLE_IDENTIFIER = com.hackathon.cheesuschrist;
				PRODUCT_NAME = "$(TARGET_NAME)";
				PROVISIONING_PROFILE = "";
				SWIFT_OBJC_BRIDGING_HEADER = "";
			};
			name = Release;
		};
		6D14227E1D83915900219D1F /* Debug */ = {
			isa = XCBuildConfiguration;
			buildSettings = {
				BUNDLE_LOADER = "$(TEST_HOST)";
				INFOPLIST_FILE = cheesuschristTests/Info.plist;
				LD_RUNPATH_SEARCH_PATHS = "$(inherited) @executable_path/Frameworks @loader_path/Frameworks";
				PRODUCT_BUNDLE_IDENTIFIER = com.hackathon.cheesuschristTests;
				PRODUCT_NAME = "$(TARGET_NAME)";
				TEST_HOST = "$(BUILT_PRODUCTS_DIR)/cheesuschrist.app/cheesuschrist";
			};
			name = Debug;
		};
		6D14227F1D83915900219D1F /* Release */ = {
			isa = XCBuildConfiguration;
			buildSettings = {
				BUNDLE_LOADER = "$(TEST_HOST)";
				INFOPLIST_FILE = cheesuschristTests/Info.plist;
				LD_RUNPATH_SEARCH_PATHS = "$(inherited) @executable_path/Frameworks @loader_path/Frameworks";
				PRODUCT_BUNDLE_IDENTIFIER = com.hackathon.cheesuschristTests;
				PRODUCT_NAME = "$(TARGET_NAME)";
				TEST_HOST = "$(BUILT_PRODUCTS_DIR)/cheesuschrist.app/cheesuschrist";
			};
			name = Release;
		};
/* End XCBuildConfiguration section */

/* Begin XCConfigurationList section */
		6D1422581D83915900219D1F /* Build configuration list for PBXProject "cheesuschrist" */ = {
			isa = XCConfigurationList;
			buildConfigurations = (
				6D1422781D83915900219D1F /* Debug */,
				6D1422791D83915900219D1F /* Release */,
			);
			defaultConfigurationIsVisible = 0;
			defaultConfigurationName = Release;
		};
		6D14227A1D83915900219D1F /* Build configuration list for PBXNativeTarget "cheesuschrist" */ = {
			isa = XCConfigurationList;
			buildConfigurations = (
				6D14227B1D83915900219D1F /* Debug */,
				6D14227C1D83915900219D1F /* Release */,
			);
			defaultConfigurationIsVisible = 0;
			defaultConfigurationName = Release;
		};
		6D14227D1D83915900219D1F /* Build configuration list for PBXNativeTarget "cheesuschristTests" */ = {
			isa = XCConfigurationList;
			buildConfigurations = (
				6D14227E1D83915900219D1F /* Debug */,
				6D14227F1D83915900219D1F /* Release */,
			);
			defaultConfigurationIsVisible = 0;
			defaultConfigurationName = Release;
		};
/* End XCConfigurationList section */
	};
	rootObject = 6D1422551D83915900219D1F /* Project object */;
}
